<?xml version="1.0" encoding="utf-8"?>
<Project ToolsVersion="4.0" xmlns="http://schemas.microsoft.com/developer/msbuild/2003">
  <ItemGroup>
    <Filter Include="Source Files">
      <UniqueIdentifier>{4FC737F1-C7A5-4376-A066-2A32D752A2FF}</UniqueIdentifier>
      <Extensions>cpp;c;cc;cxx;def;odl;idl;hpj;bat;asm;asmx</Extensions>
    </Filter>
    <Filter Include="Header Files">
      <UniqueIdentifier>{93995380-89BD-4b04-88EB-625FBE52EBFB}</UniqueIdentifier>
      <Extensions>h;hh;hpp;hxx;hm;inl;inc;xsd</Extensions>
    </Filter>
    <Filter Include="Resource Files">
      <UniqueIdentifier>{67DA6AB6-F800-4c08-8B7A-83BB121AAD01}</UniqueIdentifier>
      <Extensions>rc;ico;cur;bmp;dlg;rc2;rct;bin;rgs;gif;jpg;jpeg;jpe;resx;tiff;tif;png;wav;mfcribbon-ms</Extensions>
    </Filter>
  </ItemGroup>
  <ItemGroup>
    <ClInclude Include="config.h">
      <Filter>Header Files</Filter>
    </ClInclude>
    <ClInclude Include="..\..\schroedinger\schrohistogram.h">
      <Filter>Header Files</Filter>
    </ClInclude>
    <ClInclude Include="..\..\schroedinger\schrolimits.h">
      <Filter>Header Files</Filter>
    </ClInclude>
    <ClInclude Include="..\..\schroedinger\schrolist.h">
      <Filter>Header Files</Filter>
    </ClInclude>
    <ClInclude Include="..\..\schroedinger\schrometric.h">
      <Filter>Header Files</Filter>
    </ClInclude>
    <ClInclude Include="..\..\schroedinger\schromotion.h">
      <Filter>Header Files</Filter>
    </ClInclude>
    <ClInclude Include="..\..\schroedinger\schromotionest.h">
      <Filter>Header Files</Filter>
    </ClInclude>
    <ClInclude Include="..\..\schroedinger\schropack.h">
      <Filter>Header Files</Filter>
    </ClInclude>
    <ClInclude Include="..\..\schroedinger\schroparams.h">
      <Filter>Header Files</Filter>
    </ClInclude>
    <ClInclude Include="..\..\schroedinger\schroparse.h">
      <Filter>Header Files</Filter>
    </ClInclude>
    <ClInclude Include="..\..\schroedinger\schrophasecorrelation.h">
      <Filter>Header Files</Filter>
    </ClInclude>
    <ClInclude Include="..\..\schroedinger\schroqueue.h">
      <Filter>Header Files</Filter>
    </ClInclude>
    <ClInclude Include="..\..\schroedinger\schrossim.h">
      <Filter>Header Files</Filter>
    </ClInclude>
    <ClInclude Include="..\..\schroedinger\schro-stdint.h">
      <Filter>Header Files</Filter>
    </ClInclude>
    <ClInclude Include="..\..\schroedinger\schrotables.h">
      <Filter>Header Files</Filter>
    </ClInclude>
    <ClInclude Include="..\..\schroedinger\schrounpack.h">
      <Filter>Header Files</Filter>
    </ClInclude>
    <ClInclude Include="..\..\schroedinger\schroutils.h">
      <Filter>Header Files</Filter>
    </ClInclude>
    <ClInclude Include="..\..\schroedinger\schrovideoformat.h">
      <Filter>Header Files</Filter>
    </ClInclude>
    <ClInclude Include="..\..\schroedinger\schrovirtframe.h">
      <Filter>Header Files</Filter>
    </ClInclude>
    <ClInclude Include="..\..\schroedinger\schrowavelet.h">
      <Filter>Header Files</Filter>
    </ClInclude>
    <ClInclude Include="..\..\schroedinger\schro.h">
      <Filter>Header Files</Filter>
    </ClInclude>
    <ClInclude Include="..\..\schroedinger\schroanalysis.h">
      <Filter>Header Files</Filter>
    </ClInclude>
    <ClInclude Include="..\..\schroedinger\schroarith.h">
      <Filter>Header Files</Filter>
    </ClInclude>
    <ClInclude Include="..\..\schroedinger\schroasync.h">
      <Filter>Header Files</Filter>
    </ClInclude>
    <ClInclude Include="..\..\schroedinger\schrobitstream.h">
      <Filter>Header Files</Filter>
    </ClInclude>
    <ClInclude Include="..\..\schroedinger\schrobuffer.h">
      <Filter>Header Files</Filter>
    </ClInclude>
    <ClInclude Include="..\..\schroedinger\schrobufferlist.h">
      <Filter>Header Files</Filter>
    </ClInclude>
    <ClInclude Include="..\..\schroedinger\schrodebug.h">
      <Filter>Header Files</Filter>
    </ClInclude>
    <ClInclude Include="..\..\schroedinger\schrodecoder.h">
      <Filter>Header Files</Filter>
    </ClInclude>
    <ClInclude Include="..\..\schroedinger\schrodomain.h">
      <Filter>Header Files</Filter>
    </ClInclude>
    <ClInclude Include="..\..\schroedinger\schroengine.h">
      <Filter>Header Files</Filter>
    </ClInclude>
    <ClInclude Include="..\..\schroedinger\schrofft.h">
      <Filter>Header Files</Filter>
    </ClInclude>
    <ClInclude Include="..\..\schroedinger\schrofilter.h">
      <Filter>Header Files</Filter>
    </ClInclude>
    <ClInclude Include="..\..\schroedinger\schroframe.h">
      <Filter>Header Files</Filter>
    </ClInclude>
    <ClInclude Include="..\..\schroedinger\schrogpuframe.h">
      <Filter>Header Files</Filter>
    </ClInclude>
    <ClInclude Include="schroedinger\schroversion.h">
      <Filter>Header Files</Filter>
    </ClInclude>
    <ClInclude Include="schroedinger\schroorc.h">
      <Filter>Header Files</Filter>
    </ClInclude>
    <ClInclude Include="..\..\schroedinger\schroencoder.h">
      <Filter>Header Files</Filter>
    </ClInclude>
  </ItemGroup>
  <ItemGroup>
    <ClCompile Include="..\..\schroedinger\schro.c">
      <Filter>Source Files</Filter>
    </ClCompile>
    <ClCompile Include="..\..\schroedinger\schroarith.c">
      <Filter>Source Files</Filter>
    </ClCompile>
    <ClCompile Include="..\..\schroedinger\schrodebug.c">
      <Filter>Source Files</Filter>
    </ClCompile>
    <ClCompile Include="..\..\schroedinger\schrodecoder.c">
      <Filter>Source Files</Filter>
    </ClCompile>
    <ClCompile Include="..\..\schroedinger\schrodomain.c">
      <Filter>Source Files</Filter>
    </ClCompile>
    <ClCompile Include="..\..\schroedinger\schroframe.c">
      <Filter>Source Files</Filter>
    </ClCompile>
    <ClCompile Include="..\..\schroedinger\schrohistogram.c">
      <Filter>Source Files</Filter>
    </ClCompile>
    <ClCompile Include="..\..\schroedinger\schrolist.c">
      <Filter>Source Files</Filter>
    </ClCompile>
    <ClCompile Include="..\..\schroedinger\schrolowdelay.c">
      <Filter>Source Files</Filter>
    </ClCompile>
    <ClCompile Include="..\..\schroedinger\schrometric.c">
      <Filter>Source Files</Filter>
    </ClCompile>
    <ClCompile Include="..\..\schroedinger\schromotion.c">
      <Filter>Source Files</Filter>
    </ClCompile>
    <ClCompile Include="..\..\schroedinger\schromotion8.c">
      <Filter>Source Files</Filter>
    </ClCompile>
    <ClCompile Include="..\..\schroedinger\schromotionest.c">
      <Filter>Source Files</Filter>
    </ClCompile>
    <ClCompile Include="..\..\schroedinger\schromotionfast.c">
      <Filter>Source Files</Filter>
    </ClCompile>
    <ClCompile Include="..\..\schroedinger\schromotionref.c">
      <Filter>Source Files</Filter>
    </ClCompile>
    <ClCompile Include="..\..\schroedinger\schropack.c">
      <Filter>Source Files</Filter>
    </ClCompile>
    <ClCompile Include="..\..\schroedinger\schroparams.c">
      <Filter>Source Files</Filter>
    </ClCompile>
    <ClCompile Include="..\..\schroedinger\schroparse.c">
      <Filter>Source Files</Filter>
    </ClCompile>
    <ClCompile Include="..\..\schroedinger\schrophasecorrelation.c">
      <Filter>Source Files</Filter>
    </ClCompile>
    <ClCompile Include="..\..\schroedinger\schroquantiser.c">
      <Filter>Source Files</Filter>
    </ClCompile>
    <ClCompile Include="..\..\schroedinger\schroqueue.c">
      <Filter>Source Files</Filter>
    </ClCompile>
    <ClCompile Include="..\..\schroedinger\schroroughmotion.c">
      <Filter>Source Files</Filter>
    </ClCompile>
    <ClCompile Include="..\..\schroedinger\schrossim.c">
      <Filter>Source Files</Filter>
    </ClCompile>
    <ClCompile Include="..\..\schroedinger\schrotables.c">
      <Filter>Source Files</Filter>
    </ClCompile>
    <ClCompile Include="..\..\schroedinger\schrotablesinit.c">
      <Filter>Source Files</Filter>
    </ClCompile>
    <ClCompile Include="..\..\schroedinger\schrounpack.c">
      <Filter>Source Files</Filter>
    </ClCompile>
    <ClCompile Include="..\..\schroedinger\schrounpacktables.c">
      <Filter>Source Files</Filter>
    </ClCompile>
    <ClCompile Include="..\..\schroedinger\schroutils.c">
      <Filter>Source Files</Filter>
    </ClCompile>
    <ClCompile Include="..\..\schroedinger\schrovideoformat.c">
      <Filter>Source Files</Filter>
    </ClCompile>
    <ClCompile Include="..\..\schroedinger\schrovirtframe.c">
      <Filter>Source Files</Filter>
    </ClCompile>
    <ClCompile Include="..\..\schroedinger\schrowaveletorc.c">
      <Filter>Source Files</Filter>
    </ClCompile>
    <ClCompile Include="..\..\schroedinger\schrowavelettables.c">
      <Filter>Source Files</Filter>
    </ClCompile>
    <ClCompile Include="..\..\schroedinger\schrobufferlist.c">
      <Filter>Source Files</Filter>
    </ClCompile>
    <ClCompile Include="..\..\schroedinger\schrobuffer.c">
      <Filter>Source Files</Filter>
    </ClCompile>
    <ClCompile Include="..\..\schroedinger\schrohierbm.c">
      <Filter>Source Files</Filter>
    </ClCompile>
    <ClCompile Include="..\..\schroedinger\schroanalysis.c">
      <Filter>Source Files</Filter>
    </ClCompile>
    <ClCompile Include="..\..\schroedinger\schroasync-none.c">
      <Filter>Source Files</Filter>
    </ClCompile>
    <ClCompile Include="..\..\schroedinger\schroencoder.c">
      <Filter>Source Files</Filter>
    </ClCompile>
    <ClCompile Include="..\..\schroedinger\schroengine.c">
      <Filter>Source Files</Filter>
    </ClCompile>
    <ClCompile Include="..\..\schroedinger\schrofft.c">
      <Filter>Source Files</Filter>
    </ClCompile>
    <ClCompile Include="..\..\schroedinger\schrofilter.c">
      <Filter>Source Files</Filter>
    </ClCompile>
    <ClCompile Include="..\..\schroedinger\schroglobalest.c">
      <Filter>Source Files</Filter>
    </ClCompile>
    <ClCompile Include="schroedinger\schroorc.c">
      <Filter>Source Files</Filter>
    </ClCompile>
  </ItemGroup>
  <ItemGroup>
    <None Include="schroedinger.def">
      <Filter>Source Files</Filter>
    </None>
  </ItemGroup>
</Project>